
Microsoft Visual Studio Solution File, Format Version 12.00
# Visual Studio 15
VisualStudioVersion = 15.0.26403.0
MinimumVisualStudioVersion = 10.0.40219.1
Project("{FAE04EC0-301F-11D3-BF4B-00C04F79EFBC}") = "sim756.CustomTabControl", "sim756.CustomTabControl\sim756.CustomTabControl.csproj", "{1EBF9150-1B26-4779-8B7C-49945E109973}"
EndProject
Project("{FAE04EC0-301F-11D3-BF4B-00C04F79EFBC}") = "sim756.CustomTabControlDemo", "sim756.CustomTabControlDemo\sim756.CustomTabControlDemo.csproj", "{8710E4A3-7B33-418B-9D6E-E0F084A34580}"
EndProject
Global
	GlobalSection(SolutionConfigurationPlatforms) = preSolution
		Debug|Any CPU = Debug|Any CPU
		Release|Any CPU = Release|Any CPU
	EndGlobalSection
	GlobalSection(ProjectConfigurationPlatforms) = postSolution
		{1EBF9150-1B26-4779-8B7C-49945E109973}.Debug|Any CPU.ActiveCfg = Debug|Any CPU
		{1EBF9150-1B26-4779-8B7C-49945E109973}.Debug|Any CPU.Build.0 = Debug|Any CPU
		{1EBF9150-1B26-4779-8B7C-49945E109973}.Release|Any CPU.ActiveCfg = Release|Any CPU
		{1EBF9150-1B26-4779-8B7C-49945E109973}.Release|Any CPU.Build.0 = Release|Any CPU
		{8710E4A3-7B33-418B-9D6E-E0F084A34580}.Debug|Any CPU.ActiveCfg = Debug|Any CPU
		{8710E4A3-7B33-418B-9D6E-E0F084A34580}.Debug|Any CPU.Build.0 = Debug|Any CPU
		{8710E4A3-7B33-418B-9D6E-E0F084A34580}.Release|Any CPU.ActiveCfg = Release|Any CPU
		{8710E4A3-7B33-418B-9D6E-E0F084A34580}.Release|Any CPU.Build.0 = Release|Any CPU
	EndGlobalSection
	GlobalSection(SolutionProperties) = preSolution
		HideSolutionNode = FALSE
	EndGlobalSection
EndGlobal
